dependencies:
- name: postgresql
  repository: https://kubernetes-charts.storage.googleapis.com/
  version: 3.9.5
- name: mercure
  repository: https://kubernetes-charts.storage.googleapis.com/
  version: 1.0.10
digest: sha256:2b1dc0e22ab3974a2cc38dcfd66df92049dd566d07a9596608233cb00dd5e8a6
generated: 2019-08-19T23:07:11.8591139+02:00
